
Microsoft Visual Studio Solution File, Format Version 12.00
# Visual Studio Version 16
VisualStudioVersion = 16.0.30413.136
MinimumVisualStudioVersion = 10.0.40219.1
Project("{9A19103F-16F7-4668-BE54-9A1E7A4F7556}") = "Calculator", "Calculator.csproj", "{73AF7ED8-9CFB-4FA9-9089-0751360C5A4D}"
EndProject
Project("{2150E333-8FDC-42A3-9474-1A3956D46DE8}") = "Tests", "Tests", "{67DFBF3E-98AD-4770-B5CF-C6E337E55576}"
EndProject
Project("{FAE04EC0-301F-11D3-BF4B-00C04F79EFBC}") = "Calculator.Tests", "..\Calculator.Tests\Calculator.Tests.csproj", "{58C4440B-B957-4F46-A759-C702FA53817A}"
EndProject
Global
	GlobalSection(SolutionConfigurationPlatforms) = preSolution
		Debug|Any CPU = Debug|Any CPU
		Release|Any CPU = Release|Any CPU
	EndGlobalSection
	GlobalSection(ProjectConfigurationPlatforms) = postSolution
		{73AF7ED8-9CFB-4FA9-9089-0751360C5A4D}.Debug|Any CPU.ActiveCfg = Debug|Any CPU
		{73AF7ED8-9CFB-4FA9-9089-0751360C5A4D}.Debug|Any CPU.Build.0 = Debug|Any CPU
		{73AF7ED8-9CFB-4FA9-9089-0751360C5A4D}.Release|Any CPU.ActiveCfg = Release|Any CPU
		{73AF7ED8-9CFB-4FA9-9089-0751360C5A4D}.Release|Any CPU.Build.0 = Release|Any CPU
		{58C4440B-B957-4F46-A759-C702FA53817A}.Debug|Any CPU.ActiveCfg = Debug|Any CPU
		{58C4440B-B957-4F46-A759-C702FA53817A}.Debug|Any CPU.Build.0 = Debug|Any CPU
		{58C4440B-B957-4F46-A759-C702FA53817A}.Release|Any CPU.ActiveCfg = Release|Any CPU
		{58C4440B-B957-4F46-A759-C702FA53817A}.Release|Any CPU.Build.0 = Release|Any CPU
	EndGlobalSection
	GlobalSection(SolutionProperties) = preSolution
		HideSolutionNode = FALSE
	EndGlobalSection
	GlobalSection(NestedProjects) = preSolution
		{58C4440B-B957-4F46-A759-C702FA53817A} = {67DFBF3E-98AD-4770-B5CF-C6E337E55576}
	EndGlobalSection
	GlobalSection(ExtensibilityGlobals) = postSolution
		SolutionGuid = {17532A31-E854-4839-A083-3FEA6C6409CE}
	EndGlobalSection
EndGlobal
